// !$*UTF8*$!
{
	archiveVersion = 1;
	classes = {
	};
	objectVersion = 50;
	objects = {

/* Begin PBXBuildFile section */
		34DC614BEA49507EA53DFDFE /* Pods_RickAndMorty.framework in Frameworks */ = {isa = PBXBuildFile; fileRef = 562AFAD721A0503B10FCE729 /* Pods_RickAndMorty.framework */; };
		CF7518D80E0280671F0BF76D /* Pods_RickAndMortyUITests.framework in Frameworks */ = {isa = PBXBuildFile; fileRef = F10824344491F4A41E3D33C9 /* Pods_RickAndMortyUITests.framework */; };
		ED2F3D1BB0832C1673413B6C /* Pods_RickAndMortyTests.framework in Frameworks */ = {isa = PBXBuildFile; fileRef = 6456F86CE720C401A4F439FD /* Pods_RickAndMortyTests.framework */; };
		F41526F3215FB2A70095409A /* UICollectioView+ReusableView.swift in Sources */ = {isa = PBXBuildFile; fileRef = F41526F2215FB2A70095409A /* UICollectioView+ReusableView.swift */; };
		F42F18272158E1F4000E0B57 /* AppDelegate.swift in Sources */ = {isa = PBXBuildFile; fileRef = F42F18262158E1F4000E0B57 /* AppDelegate.swift */; };
		F42F182E2158E1F5000E0B57 /* Assets.xcassets in Resources */ = {isa = PBXBuildFile; fileRef = F42F182D2158E1F5000E0B57 /* Assets.xcassets */; };
		F42F18312158E1F6000E0B57 /* LaunchScreen.storyboard in Resources */ = {isa = PBXBuildFile; fileRef = F42F182F2158E1F6000E0B57 /* LaunchScreen.storyboard */; };
		F42F183C2158E1F6000E0B57 /* RickAndMortyTests.swift in Sources */ = {isa = PBXBuildFile; fileRef = F42F183B2158E1F6000E0B57 /* RickAndMortyTests.swift */; };
		F42F18472158E1F6000E0B57 /* RickAndMortyUITests.swift in Sources */ = {isa = PBXBuildFile; fileRef = F42F18462158E1F6000E0B57 /* RickAndMortyUITests.swift */; };
		F42F18562158E264000E0B57 /* RAMCharacterController.swift in Sources */ = {isa = PBXBuildFile; fileRef = F42F18552158E264000E0B57 /* RAMCharacterController.swift */; };
		F42F18592158E282000E0B57 /* CharacterModel.swift in Sources */ = {isa = PBXBuildFile; fileRef = F42F18582158E282000E0B57 /* CharacterModel.swift */; };
		F42F185C2158F8F2000E0B57 /* RAMCharactersRequest.swift in Sources */ = {isa = PBXBuildFile; fileRef = F42F185B2158F8F2000E0B57 /* RAMCharactersRequest.swift */; };
		F42F185D2158F8F2000E0B57 /* RAMCharactersRequest.swift in Sources */ = {isa = PBXBuildFile; fileRef = F42F185B2158F8F2000E0B57 /* RAMCharactersRequest.swift */; };
		F42F185E2158F8F2000E0B57 /* RAMCharactersRequest.swift in Sources */ = {isa = PBXBuildFile; fileRef = F42F185B2158F8F2000E0B57 /* RAMCharactersRequest.swift */; };
		F42F18612158FA13000E0B57 /* AccessLinks.swift in Sources */ = {isa = PBXBuildFile; fileRef = F42F18602158FA13000E0B57 /* AccessLinks.swift */; };
		F42F18622158FA13000E0B57 /* AccessLinks.swift in Sources */ = {isa = PBXBuildFile; fileRef = F42F18602158FA13000E0B57 /* AccessLinks.swift */; };
		F42F18632158FA13000E0B57 /* AccessLinks.swift in Sources */ = {isa = PBXBuildFile; fileRef = F42F18602158FA13000E0B57 /* AccessLinks.swift */; };
		F43C4420215E6F5F00BBF457 /* CellConfigurator.swift in Sources */ = {isa = PBXBuildFile; fileRef = F43C441F215E6F5F00BBF457 /* CellConfigurator.swift */; };
		F43C4423215E7DF000BBF457 /* UIView+TopCorners.swift in Sources */ = {isa = PBXBuildFile; fileRef = F43C4422215E7DF000BBF457 /* UIView+TopCorners.swift */; };
		F483DF93216610F000B642DC /* Coordinator.swift in Sources */ = {isa = PBXBuildFile; fileRef = F483DF92216610F000B642DC /* Coordinator.swift */; };
		F48B1733215A804A00AFC1FF /* CharacterCell.swift in Sources */ = {isa = PBXBuildFile; fileRef = F48B1731215A804A00AFC1FF /* CharacterCell.swift */; };
		F48B1734215A804A00AFC1FF /* CharacterCell.xib in Resources */ = {isa = PBXBuildFile; fileRef = F48B1732215A804A00AFC1FF /* CharacterCell.xib */; };
		F49D7C7B216B7CF10014D002 /* DetailCharacterView.xib in Resources */ = {isa = PBXBuildFile; fileRef = F49D7C7A216B7CF10014D002 /* DetailCharacterView.xib */; };
		F49D7C7D216B7D050014D002 /* DetailCharacterView.swift in Sources */ = {isa = PBXBuildFile; fileRef = F49D7C7C216B7D050014D002 /* DetailCharacterView.swift */; };
		F49D7C7F216B826E0014D002 /* StringExtension.swift in Sources */ = {isa = PBXBuildFile; fileRef = F49D7C7E216B826E0014D002 /* StringExtension.swift */; };
		F4A276812162244A00C761E5 /* CharacterServices.swift in Sources */ = {isa = PBXBuildFile; fileRef = F4A276802162244A00C761E5 /* CharacterServices.swift */; };
		F4A27684216226AD00C761E5 /* CharacterPresenter.swift in Sources */ = {isa = PBXBuildFile; fileRef = F4A27683216226AD00C761E5 /* CharacterPresenter.swift */; };
		F4A33143215F664B0051A303 /* Date+Formatter.swift in Sources */ = {isa = PBXBuildFile; fileRef = F4A33142215F664B0051A303 /* Date+Formatter.swift */; };
		F4A33144215F91EC0051A303 /* CharacterModel.swift in Sources */ = {isa = PBXBuildFile; fileRef = F42F18582158E282000E0B57 /* CharacterModel.swift */; };
		F4A33145215F91ED0051A303 /* CharacterModel.swift in Sources */ = {isa = PBXBuildFile; fileRef = F42F18582158E282000E0B57 /* CharacterModel.swift */; };
/* End PBXBuildFile section */

/* Begin PBXContainerItemProxy section */
		F42F18382158E1F6000E0B57 /* PBXContainerItemProxy */ = {
			isa = PBXContainerItemProxy;
			containerPortal = F42F181B2158E1F4000E0B57 /* Project object */;
			proxyType = 1;
			remoteGlobalIDString = F42F18222158E1F4000E0B57;
			remoteInfo = RickAndMorty;
		};
		F42F18432158E1F6000E0B57 /* PBXContainerItemProxy */ = {
			isa = PBXContainerItemProxy;
			containerPortal = F42F181B2158E1F4000E0B57 /* Project object */;
			proxyType = 1;
			remoteGlobalIDString = F42F18222158E1F4000E0B57;
			remoteInfo = RickAndMorty;
		};
/* End PBXContainerItemProxy section */

/* Begin PBXFileReference section */
		0572D7FB6244EC155A8AF930 /* Pods-RickAndMortyUITests.release.xcconfig */ = {isa = PBXFileReference; includeInIndex = 1; lastKnownFileType = text.xcconfig; name = "Pods-RickAndMortyUITests.release.xcconfig"; path = "Pods/Target Support Files/Pods-RickAndMortyUITests/Pods-RickAndMortyUITests.release.xcconfig"; sourceTree = "<group>"; };
		19EBF3C20D53B39F73381615 /* Pods-RickAndMorty.debug.xcconfig */ = {isa = PBXFileReference; includeInIndex = 1; lastKnownFileType = text.xcconfig; name = "Pods-RickAndMorty.debug.xcconfig"; path = "Pods/Target Support Files/Pods-RickAndMorty/Pods-RickAndMorty.debug.xcconfig"; sourceTree = "<group>"; };
		38427C21339A3FA23CFDB828 /* Pods-RickAndMorty.release.xcconfig */ = {isa = PBXFileReference; includeInIndex = 1; lastKnownFileType = text.xcconfig; name = "Pods-RickAndMorty.release.xcconfig"; path = "Pods/Target Support Files/Pods-RickAndMorty/Pods-RickAndMorty.release.xcconfig"; sourceTree = "<group>"; };
		3F60FD909DB6F262297E8439 /* Pods-RickAndMortyUITests.debug.xcconfig */ = {isa = PBXFileReference; includeInIndex = 1; lastKnownFileType = text.xcconfig; name = "Pods-RickAndMortyUITests.debug.xcconfig"; path = "Pods/Target Support Files/Pods-RickAndMortyUITests/Pods-RickAndMortyUITests.debug.xcconfig"; sourceTree = "<group>"; };
		562AFAD721A0503B10FCE729 /* Pods_RickAndMorty.framework */ = {isa = PBXFileReference; explicitFileType = wrapper.framework; includeInIndex = 0; path = Pods_RickAndMorty.framework; sourceTree = BUILT_PRODUCTS_DIR; };
		6456F86CE720C401A4F439FD /* Pods_RickAndMortyTests.framework */ = {isa = PBXFileReference; explicitFileType = wrapper.framework; includeInIndex = 0; path = Pods_RickAndMortyTests.framework; sourceTree = BUILT_PRODUCTS_DIR; };
		85AB02F75AE54C4A6AF42FF2 /* Pods-RickAndMortyTests.release.xcconfig */ = {isa = PBXFileReference; includeInIndex = 1; lastKnownFileType = text.xcconfig; name = "Pods-RickAndMortyTests.release.xcconfig"; path = "Pods/Target Support Files/Pods-RickAndMortyTests/Pods-RickAndMortyTests.release.xcconfig"; sourceTree = "<group>"; };
		D1CE92791727D8F616714596 /* Pods-RickAndMortyTests.debug.xcconfig */ = {isa = PBXFileReference; includeInIndex = 1; lastKnownFileType = text.xcconfig; name = "Pods-RickAndMortyTests.debug.xcconfig"; path = "Pods/Target Support Files/Pods-RickAndMortyTests/Pods-RickAndMortyTests.debug.xcconfig"; sourceTree = "<group>"; };
		F10824344491F4A41E3D33C9 /* Pods_RickAndMortyUITests.framework */ = {isa = PBXFileReference; explicitFileType = wrapper.framework; includeInIndex = 0; path = Pods_RickAndMortyUITests.framework; sourceTree = BUILT_PRODUCTS_DIR; };
		F41526F2215FB2A70095409A /* UICollectioView+ReusableView.swift */ = {isa = PBXFileReference; lastKnownFileType = sourcecode.swift; path = "UICollectioView+ReusableView.swift"; sourceTree = "<group>"; };
		F42F18232158E1F4000E0B57 /* RickAndMorty.app */ = {isa = PBXFileReference; explicitFileType = wrapper.application; includeInIndex = 0; path = RickAndMorty.app; sourceTree = BUILT_PRODUCTS_DIR; };
		F42F18262158E1F4000E0B57 /* AppDelegate.swift */ = {isa = PBXFileReference; lastKnownFileType = sourcecode.swift; path = AppDelegate.swift; sourceTree = "<group>"; };
		F42F182D2158E1F5000E0B57 /* Assets.xcassets */ = {isa = PBXFileReference; lastKnownFileType = folder.assetcatalog; path = Assets.xcassets; sourceTree = "<group>"; };
		F42F18302158E1F6000E0B57 /* Base */ = {isa = PBXFileReference; lastKnownFileType = file.storyboard; name = Base; path = Base.lproj/LaunchScreen.storyboard; sourceTree = "<group>"; };
		F42F18322158E1F6000E0B57 /* Info.plist */ = {isa = PBXFileReference; lastKnownFileType = text.plist.xml; path = Info.plist; sourceTree = "<group>"; };
		F42F18372158E1F6000E0B57 /* RickAndMortyTests.xctest */ = {isa = PBXFileReference; explicitFileType = wrapper.cfbundle; includeInIndex = 0; path = RickAndMortyTests.xctest; sourceTree = BUILT_PRODUCTS_DIR; };
		F42F183B2158E1F6000E0B57 /* RickAndMortyTests.swift */ = {isa = PBXFileReference; lastKnownFileType = sourcecode.swift; path = RickAndMortyTests.swift; sourceTree = "<group>"; };
		F42F183D2158E1F6000E0B57 /* Info.plist */ = {isa = PBXFileReference; lastKnownFileType = text.plist.xml; path = Info.plist; sourceTree = "<group>"; };
		F42F18422158E1F6000E0B57 /* RickAndMortyUITests.xctest */ = {isa = PBXFileReference; explicitFileType = wrapper.cfbundle; includeInIndex = 0; path = RickAndMortyUITests.xctest; sourceTree = BUILT_PRODUCTS_DIR; };
		F42F18462158E1F6000E0B57 /* RickAndMortyUITests.swift */ = {isa = PBXFileReference; lastKnownFileType = sourcecode.swift; path = RickAndMortyUITests.swift; sourceTree = "<group>"; };
		F42F18482158E1F6000E0B57 /* Info.plist */ = {isa = PBXFileReference; lastKnownFileType = text.plist.xml; path = Info.plist; sourceTree = "<group>"; };
		F42F18552158E264000E0B57 /* RAMCharacterController.swift */ = {isa = PBXFileReference; lastKnownFileType = sourcecode.swift; path = RAMCharacterController.swift; sourceTree = "<group>"; };
		F42F18582158E282000E0B57 /* CharacterModel.swift */ = {isa = PBXFileReference; lastKnownFileType = sourcecode.swift; path = CharacterModel.swift; sourceTree = "<group>"; };
		F42F185B2158F8F2000E0B57 /* RAMCharactersRequest.swift */ = {isa = PBXFileReference; lastKnownFileType = sourcecode.swift; path = RAMCharactersRequest.swift; sourceTree = "<group>"; };
		F42F18602158FA13000E0B57 /* AccessLinks.swift */ = {isa = PBXFileReference; lastKnownFileType = sourcecode.swift; path = AccessLinks.swift; sourceTree = "<group>"; };
		F43C441F215E6F5F00BBF457 /* CellConfigurator.swift */ = {isa = PBXFileReference; lastKnownFileType = sourcecode.swift; path = CellConfigurator.swift; sourceTree = "<group>"; };
		F43C4422215E7DF000BBF457 /* UIView+TopCorners.swift */ = {isa = PBXFileReference; lastKnownFileType = sourcecode.swift; path = "UIView+TopCorners.swift"; sourceTree = "<group>"; };
		F483DF92216610F000B642DC /* Coordinator.swift */ = {isa = PBXFileReference; lastKnownFileType = sourcecode.swift; path = Coordinator.swift; sourceTree = "<group>"; };
		F48B1731215A804A00AFC1FF /* CharacterCell.swift */ = {isa = PBXFileReference; lastKnownFileType = sourcecode.swift; path = CharacterCell.swift; sourceTree = "<group>"; };
		F48B1732215A804A00AFC1FF /* CharacterCell.xib */ = {isa = PBXFileReference; lastKnownFileType = file.xib; path = CharacterCell.xib; sourceTree = "<group>"; };
		F49D7C7A216B7CF10014D002 /* DetailCharacterView.xib */ = {isa = PBXFileReference; lastKnownFileType = file.xib; path = DetailCharacterView.xib; sourceTree = "<group>"; };
		F49D7C7C216B7D050014D002 /* DetailCharacterView.swift */ = {isa = PBXFileReference; lastKnownFileType = sourcecode.swift; path = DetailCharacterView.swift; sourceTree = "<group>"; };
		F49D7C7E216B826E0014D002 /* StringExtension.swift */ = {isa = PBXFileReference; lastKnownFileType = sourcecode.swift; path = StringExtension.swift; sourceTree = "<group>"; };
		F4A276802162244A00C761E5 /* CharacterServices.swift */ = {isa = PBXFileReference; lastKnownFileType = sourcecode.swift; path = CharacterServices.swift; sourceTree = "<group>"; };
		F4A27683216226AD00C761E5 /* CharacterPresenter.swift */ = {isa = PBXFileReference; lastKnownFileType = sourcecode.swift; path = CharacterPresenter.swift; sourceTree = "<group>"; };
		F4A33142215F664B0051A303 /* Date+Formatter.swift */ = {isa = PBXFileReference; lastKnownFileType = sourcecode.swift; path = "Date+Formatter.swift"; sourceTree = "<group>"; };
/* End PBXFileReference section */

/* Begin PBXFrameworksBuildPhase section */
		F42F18202158E1F4000E0B57 /* Frameworks */ = {
			isa = PBXFrameworksBuildPhase;
			buildActionMask = 2147483647;
			files = (
				34DC614BEA49507EA53DFDFE /* Pods_RickAndMorty.framework in Frameworks */,
			);
			runOnlyForDeploymentPostprocessing = 0;
		};
		F42F18342158E1F6000E0B57 /* Frameworks */ = {
			isa = PBXFrameworksBuildPhase;
			buildActionMask = 2147483647;
			files = (
				ED2F3D1BB0832C1673413B6C /* Pods_RickAndMortyTests.framework in Frameworks */,
			);
			runOnlyForDeploymentPostprocessing = 0;
		};
		F42F183F2158E1F6000E0B57 /* Frameworks */ = {
			isa = PBXFrameworksBuildPhase;
			buildActionMask = 2147483647;
			files = (
				CF7518D80E0280671F0BF76D /* Pods_RickAndMortyUITests.framework in Frameworks */,
			);
			runOnlyForDeploymentPostprocessing = 0;
		};
/* End PBXFrameworksBuildPhase section */

/* Begin PBXGroup section */
		6F220E6FFC1C42594A2177F5 /* Frameworks */ = {
			isa = PBXGroup;
			children = (
				562AFAD721A0503B10FCE729 /* Pods_RickAndMorty.framework */,
				6456F86CE720C401A4F439FD /* Pods_RickAndMortyTests.framework */,
				F10824344491F4A41E3D33C9 /* Pods_RickAndMortyUITests.framework */,
			);
			name = Frameworks;
			sourceTree = "<group>";
		};
		7BBBA3F97B7C6D7263C1B3D3 /* Pods */ = {
			isa = PBXGroup;
			children = (
				19EBF3C20D53B39F73381615 /* Pods-RickAndMorty.debug.xcconfig */,
				38427C21339A3FA23CFDB828 /* Pods-RickAndMorty.release.xcconfig */,
				D1CE92791727D8F616714596 /* Pods-RickAndMortyTests.debug.xcconfig */,
				85AB02F75AE54C4A6AF42FF2 /* Pods-RickAndMortyTests.release.xcconfig */,
				3F60FD909DB6F262297E8439 /* Pods-RickAndMortyUITests.debug.xcconfig */,
				0572D7FB6244EC155A8AF930 /* Pods-RickAndMortyUITests.release.xcconfig */,
			);
			name = Pods;
			sourceTree = "<group>";
		};
		F42F181A2158E1F4000E0B57 = {
			isa = PBXGroup;
			children = (
				F42F18252158E1F4000E0B57 /* RickAndMorty */,
				F42F183A2158E1F6000E0B57 /* RickAndMortyTests */,
				F42F18452158E1F6000E0B57 /* RickAndMortyUITests */,
				F42F18242158E1F4000E0B57 /* Products */,
				7BBBA3F97B7C6D7263C1B3D3 /* Pods */,
				6F220E6FFC1C42594A2177F5 /* Frameworks */,
			);
			sourceTree = "<group>";
		};
		F42F18242158E1F4000E0B57 /* Products */ = {
			isa = PBXGroup;
			children = (
				F42F18232158E1F4000E0B57 /* RickAndMorty.app */,
				F42F18372158E1F6000E0B57 /* RickAndMortyTests.xctest */,
				F42F18422158E1F6000E0B57 /* RickAndMortyUITests.xctest */,
			);
			name = Products;
			sourceTree = "<group>";
		};
		F42F18252158E1F4000E0B57 /* RickAndMorty */ = {
			isa = PBXGroup;
			children = (
				F49D7C79216B7CCF0014D002 /* RAMDetailView */,
				F43C4421215E7DD100BBF457 /* Extensions */,
				F48B172F215A801900AFC1FF /* Cells */,
				F42F185F2158F9ED000E0B57 /* RAMLinksAccess */,
				F42F185A2158F8BA000E0B57 /* RAMApi Services */,
				F42F18572158E270000E0B57 /* Models */,
				F42F18542158E23C000E0B57 /* RAMControllers */,
				F42F18262158E1F4000E0B57 /* AppDelegate.swift */,
				F42F182D2158E1F5000E0B57 /* Assets.xcassets */,
				F42F182F2158E1F6000E0B57 /* LaunchScreen.storyboard */,
				F42F18322158E1F6000E0B57 /* Info.plist */,
			);
			path = RickAndMorty;
			sourceTree = "<group>";
		};
		F42F183A2158E1F6000E0B57 /* RickAndMortyTests */ = {
			isa = PBXGroup;
			children = (
				F42F183B2158E1F6000E0B57 /* RickAndMortyTests.swift */,
				F42F183D2158E1F6000E0B57 /* Info.plist */,
			);
			path = RickAndMortyTests;
			sourceTree = "<group>";
		};
		F42F18452158E1F6000E0B57 /* RickAndMortyUITests */ = {
			isa = PBXGroup;
			children = (
				F42F18462158E1F6000E0B57 /* RickAndMortyUITests.swift */,
				F42F18482158E1F6000E0B57 /* Info.plist */,
			);
			path = RickAndMortyUITests;
			sourceTree = "<group>";
		};
		F42F18542158E23C000E0B57 /* RAMControllers */ = {
			isa = PBXGroup;
			children = (
				F4810D51216617FF00E6B4C7 /* CharactersController */,
			);
			path = RAMControllers;
			sourceTree = "<group>";
		};
		F42F18572158E270000E0B57 /* Models */ = {
			isa = PBXGroup;
			children = (
				F483DF90216610D800B642DC /* Coordinator */,
				F4A2767F2162243900C761E5 /* MVP */,
				F43C441C215E4FEF00BBF457 /* Character Model */,
			);
			path = Models;
			sourceTree = "<group>";
		};
		F42F185A2158F8BA000E0B57 /* RAMApi Services */ = {
			isa = PBXGroup;
			children = (
				F42F185B2158F8F2000E0B57 /* RAMCharactersRequest.swift */,
			);
			path = "RAMApi Services";
			sourceTree = "<group>";
		};
		F42F185F2158F9ED000E0B57 /* RAMLinksAccess */ = {
			isa = PBXGroup;
			children = (
				F42F18602158FA13000E0B57 /* AccessLinks.swift */,
			);
			path = RAMLinksAccess;
			sourceTree = "<group>";
		};
		F43C441C215E4FEF00BBF457 /* Character Model */ = {
			isa = PBXGroup;
			children = (
				F42F18582158E282000E0B57 /* CharacterModel.swift */,
				F43C441F215E6F5F00BBF457 /* CellConfigurator.swift */,
			);
			path = "Character Model";
			sourceTree = "<group>";
		};
		F43C4421215E7DD100BBF457 /* Extensions */ = {
			isa = PBXGroup;
			children = (
				F43C4422215E7DF000BBF457 /* UIView+TopCorners.swift */,
				F4A33142215F664B0051A303 /* Date+Formatter.swift */,
				F41526F2215FB2A70095409A /* UICollectioView+ReusableView.swift */,
				F49D7C7E216B826E0014D002 /* StringExtension.swift */,
			);
			path = Extensions;
			sourceTree = "<group>";
		};
		F4810D51216617FF00E6B4C7 /* CharactersController */ = {
			isa = PBXGroup;
			children = (
				F42F18552158E264000E0B57 /* RAMCharacterController.swift */,
			);
			path = CharactersController;
			sourceTree = "<group>";
		};
		F483DF90216610D800B642DC /* Coordinator */ = {
			isa = PBXGroup;
			children = (
				F483DF92216610F000B642DC /* Coordinator.swift */,
			);
			path = Coordinator;
			sourceTree = "<group>";
		};
		F48B172F215A801900AFC1FF /* Cells */ = {
			isa = PBXGroup;
			children = (
				F48B1730215A802800AFC1FF /* CharacterCell */,
			);
			path = Cells;
			sourceTree = "<group>";
		};
		F48B1730215A802800AFC1FF /* CharacterCell */ = {
			isa = PBXGroup;
			children = (
				F48B1731215A804A00AFC1FF /* CharacterCell.swift */,
				F48B1732215A804A00AFC1FF /* CharacterCell.xib */,
			);
			path = CharacterCell;
			sourceTree = "<group>";
		};
		F49D7C79216B7CCF0014D002 /* RAMDetailView */ = {
			isa = PBXGroup;
			children = (
				F49D7C7A216B7CF10014D002 /* DetailCharacterView.xib */,
				F49D7C7C216B7D050014D002 /* DetailCharacterView.swift */,
			);
			path = RAMDetailView;
			sourceTree = "<group>";
		};
		F4A2767F2162243900C761E5 /* MVP */ = {
			isa = PBXGroup;
			children = (
				F4A276802162244A00C761E5 /* CharacterServices.swift */,
				F4A27683216226AD00C761E5 /* CharacterPresenter.swift */,
			);
			path = MVP;
			sourceTree = "<group>";
		};
/* End PBXGroup section */

/* Begin PBXNativeTarget section */
		F42F18222158E1F4000E0B57 /* RickAndMorty */ = {
			isa = PBXNativeTarget;
			buildConfigurationList = F42F184B2158E1F6000E0B57 /* Build configuration list for PBXNativeTarget "RickAndMorty" */;
			buildPhases = (
				DB2877DAEB3B3A112B875399 /* [CP] Check Pods Manifest.lock */,
				F42F181F2158E1F4000E0B57 /* Sources */,
				F42F18202158E1F4000E0B57 /* Frameworks */,
				F42F18212158E1F4000E0B57 /* Resources */,
				CA675023935B4D9D2D2DCCA9 /* [CP] Embed Pods Frameworks */,
			);
			buildRules = (
			);
			dependencies = (
			);
			name = RickAndMorty;
			productName = RickAndMorty;
			productReference = F42F18232158E1F4000E0B57 /* RickAndMorty.app */;
			productType = "com.apple.product-type.application";
		};
		F42F18362158E1F6000E0B57 /* RickAndMortyTests */ = {
			isa = PBXNativeTarget;
			buildConfigurationList = F42F184E2158E1F6000E0B57 /* Build configuration list for PBXNativeTarget "RickAndMortyTests" */;
			buildPhases = (
				05064509E562B072C6CF9304 /* [CP] Check Pods Manifest.lock */,
				F42F18332158E1F6000E0B57 /* Sources */,
				F42F18342158E1F6000E0B57 /* Frameworks */,
				F42F18352158E1F6000E0B57 /* Resources */,
			);
			buildRules = (
			);
			dependencies = (
				F42F18392158E1F6000E0B57 /* PBXTargetDependency */,
			);
			name = RickAndMortyTests;
			productName = RickAndMortyTests;
			productReference = F42F18372158E1F6000E0B57 /* RickAndMortyTests.xctest */;
			productType = "com.apple.product-type.bundle.unit-test";
		};
		F42F18412158E1F6000E0B57 /* RickAndMortyUITests */ = {
			isa = PBXNativeTarget;
			buildConfigurationList = F42F18512158E1F6000E0B57 /* Build configuration list for PBXNativeTarget "RickAndMortyUITests" */;
			buildPhases = (
				6F5A09AA3FD6822D413DC29F /* [CP] Check Pods Manifest.lock */,
				F42F183E2158E1F6000E0B57 /* Sources */,
				F42F183F2158E1F6000E0B57 /* Frameworks */,
				F42F18402158E1F6000E0B57 /* Resources */,
			);
			buildRules = (
			);
			dependencies = (
				F42F18442158E1F6000E0B57 /* PBXTargetDependency */,
			);
			name = RickAndMortyUITests;
			productName = RickAndMortyUITests;
			productReference = F42F18422158E1F6000E0B57 /* RickAndMortyUITests.xctest */;
			productType = "com.apple.product-type.bundle.ui-testing";
		};
/* End PBXNativeTarget section */

/* Begin PBXProject section */
		F42F181B2158E1F4000E0B57 /* Project object */ = {
			isa = PBXProject;
			attributes = {
				LastSwiftUpdateCheck = 1000;
				LastUpgradeCheck = 1000;
				ORGANIZATIONNAME = "Lex Sava";
				TargetAttributes = {
					F42F18222158E1F4000E0B57 = {
						CreatedOnToolsVersion = 10.0;
					};
					F42F18362158E1F6000E0B57 = {
						CreatedOnToolsVersion = 10.0;
						TestTargetID = F42F18222158E1F4000E0B57;
					};
					F42F18412158E1F6000E0B57 = {
						CreatedOnToolsVersion = 10.0;
						TestTargetID = F42F18222158E1F4000E0B57;
					};
				};
			};
			buildConfigurationList = F42F181E2158E1F4000E0B57 /* Build configuration list for PBXProject "RickAndMorty" */;
			compatibilityVersion = "Xcode 9.3";
			developmentRegion = en;
			hasScannedForEncodings = 0;
			knownRegions = (
				en,
				Base,
			);
			mainGroup = F42F181A2158E1F4000E0B57;
			productRefGroup = F42F18242158E1F4000E0B57 /* Products */;
			projectDirPath = "";
			projectRoot = "";
			targets = (
				F42F18222158E1F4000E0B57 /* RickAndMorty */,
				F42F18362158E1F6000E0B57 /* RickAndMortyTests */,
				F42F18412158E1F6000E0B57 /* RickAndMortyUITests */,
			);
		};
/* End PBXProject section */

/* Begin PBXResourcesBuildPhase section */
		F42F18212158E1F4000E0B57 /* Resources */ = {
			isa = PBXResourcesBuildPhase;
			buildActionMask = 2147483647;
			files = (
				F42F18312158E1F6000E0B57 /* LaunchScreen.storyboard in Resources */,
				F42F182E2158E1F5000E0B57 /* Assets.xcassets in Resources */,
				F48B1734215A804A00AFC1FF /* CharacterCell.xib in Resources */,
				F49D7C7B216B7CF10014D002 /* DetailCharacterView.xib in Resources */,
			);
			runOnlyForDeploymentPostprocessing = 0;
		};
		F42F18352158E1F6000E0B57 /* Resources */ = {
			isa = PBXResourcesBuildPhase;
			buildActionMask = 2147483647;
			files = (
			);
			runOnlyForDeploymentPostprocessing = 0;
		};
		F42F18402158E1F6000E0B57 /* Resources */ = {
			isa = PBXResourcesBuildPhase;
			buildActionMask = 2147483647;
			files = (
			);
			runOnlyForDeploymentPostprocessing = 0;
		};
/* End PBXResourcesBuildPhase section */

/* Begin PBXShellScriptBuildPhase section */
		05064509E562B072C6CF9304 /* [CP] Check Pods Manifest.lock */ = {
			isa = PBXShellScriptBuildPhase;
			buildActionMask = 2147483647;
			files = (
			);
			inputFileListPaths = (
			);
			inputPaths = (
				"${PODS_PODFILE_DIR_PATH}/Podfile.lock",
				"${PODS_ROOT}/Manifest.lock",
			);
			name = "[CP] Check Pods Manifest.lock";
			outputFileListPaths = (
			);
			outputPaths = (
				"$(DERIVED_FILE_DIR)/Pods-RickAndMortyTests-checkManifestLockResult.txt",
			);
			runOnlyForDeploymentPostprocessing = 0;
			shellPath = /bin/sh;
			shellScript = "diff \"${PODS_PODFILE_DIR_PATH}/Podfile.lock\" \"${PODS_ROOT}/Manifest.lock\" > /dev/null\nif [ $? != 0 ] ; then\n    # print error to STDERR\n    echo \"error: The sandbox is not in sync with the Podfile.lock. Run 'pod install' or update your CocoaPods installation.\" >&2\n    exit 1\nfi\n# This output is used by Xcode 'outputs' to avoid re-running this script phase.\necho \"SUCCESS\" > \"${SCRIPT_OUTPUT_FILE_0}\"\n";
			showEnvVarsInLog = 0;
		};
		6F5A09AA3FD6822D413DC29F /* [CP] Check Pods Manifest.lock */ = {
			isa = PBXShellScriptBuildPhase;
			buildActionMask = 2147483647;
			files = (
			);
			inputFileListPaths = (
			);
			inputPaths = (
				"${PODS_PODFILE_DIR_PATH}/Podfile.lock",
				"${PODS_ROOT}/Manifest.lock",
			);
			name = "[CP] Check Pods Manifest.lock";
			outputFileListPaths = (
			);
			outputPaths = (
				"$(DERIVED_FILE_DIR)/Pods-RickAndMortyUITests-checkManifestLockResult.txt",
			);
			runOnlyForDeploymentPostprocessing = 0;
			shellPath = /bin/sh;
			shellScript = "diff \"${PODS_PODFILE_DIR_PATH}/Podfile.lock\" \"${PODS_ROOT}/Manifest.lock\" > /dev/null\nif [ $? != 0 ] ; then\n    # print error to STDERR\n    echo \"error: The sandbox is not in sync with the Podfile.lock. Run 'pod install' or update your CocoaPods installation.\" >&2\n    exit 1\nfi\n# This output is used by Xcode 'outputs' to avoid re-running this script phase.\necho \"SUCCESS\" > \"${SCRIPT_OUTPUT_FILE_0}\"\n";
			showEnvVarsInLog = 0;
		};
		CA675023935B4D9D2D2DCCA9 /* [CP] Embed Pods Frameworks */ = {
			isa = PBXShellScriptBuildPhase;
			buildActionMask = 2147483647;
			files = (
			);
			inputFileListPaths = (
			);
			inputPaths = (
				"${SRCROOT}/Pods/Target Support Files/Pods-RickAndMorty/Pods-RickAndMorty-frameworks.sh",
				"${BUILT_PRODUCTS_DIR}/Alamofire/Alamofire.framework",
				"${BUILT_PRODUCTS_DIR}/Nuke/Nuke.framework",
				"${BUILT_PRODUCTS_DIR}/ObjectMapper/ObjectMapper.framework",
				"${BUILT_PRODUCTS_DIR}/RxCocoa/RxCocoa.framework",
				"${BUILT_PRODUCTS_DIR}/RxGesture/RxGesture.framework",
				"${BUILT_PRODUCTS_DIR}/RxSwift/RxSwift.framework",
			);
			name = "[CP] Embed Pods Frameworks";
			outputFileListPaths = (
			);
			outputPaths = (
				"${TARGET_BUILD_DIR}/${FRAMEWORKS_FOLDER_PATH}/Alamofire.framework",
				"${TARGET_BUILD_DIR}/${FRAMEWORKS_FOLDER_PATH}/Nuke.framework",
				"${TARGET_BUILD_DIR}/${FRAMEWORKS_FOLDER_PATH}/ObjectMapper.framework",
				"${TARGET_BUILD_DIR}/${FRAMEWORKS_FOLDER_PATH}/RxCocoa.framework",
				"${TARGET_BUILD_DIR}/${FRAMEWORKS_FOLDER_PATH}/RxGesture.framework",
				"${TARGET_BUILD_DIR}/${FRAMEWORKS_FOLDER_PATH}/RxSwift.framework",
			);
			runOnlyForDeploymentPostprocessing = 0;
			shellPath = /bin/sh;
			shellScript = "\"${SRCROOT}/Pods/Target Support Files/Pods-RickAndMorty/Pods-RickAndMorty-frameworks.sh\"\n";
			showEnvVarsInLog = 0;
		};
		DB2877DAEB3B3A112B875399 /* [CP] Check Pods Manifest.lock */ = {
			isa = PBXShellScriptBuildPhase;
			buildActionMask = 2147483647;
			files = (
			);
			inputFileListPaths = (
			);
			inputPaths = (
				"${PODS_PODFILE_DIR_PATH}/Podfile.lock",
				"${PODS_ROOT}/Manifest.lock",
			);
			name = "[CP] Check Pods Manifest.lock";
			outputFileListPaths = (
			);
			outputPaths = (
				"$(DERIVED_FILE_DIR)/Pods-RickAndMorty-checkManifestLockResult.txt",
			);
			runOnlyForDeploymentPostprocessing = 0;
			shellPath = /bin/sh;
			shellScript = "diff \"${PODS_PODFILE_DIR_PATH}/Podfile.lock\" \"${PODS_ROOT}/Manifest.lock\" > /dev/null\nif [ $? != 0 ] ; then\n    # print error to STDERR\n    echo \"error: The sandbox is not in sync with the Podfile.lock. Run 'pod install' or update your CocoaPods installation.\" >&2\n    exit 1\nfi\n# This output is used by Xcode 'outputs' to avoid re-running this script phase.\necho \"SUCCESS\" > \"${SCRIPT_OUTPUT_FILE_0}\"\n";
			showEnvVarsInLog = 0;
		};
/* End PBXShellScriptBuildPhase section */

/* Begin PBXSourcesBuildPhase section */
		F42F181F2158E1F4000E0B57 /* Sources */ = {
			isa = PBXSourcesBuildPhase;
			buildActionMask = 2147483647;
			files = (
				F4A27684216226AD00C761E5 /* CharacterPresenter.swift in Sources */,
				F42F185C2158F8F2000E0B57 /* RAMCharactersRequest.swift in Sources */,
				F483DF93216610F000B642DC /* Coordinator.swift in Sources */,
				F42F18612158FA13000E0B57 /* AccessLinks.swift in Sources */,
				F49D7C7F216B826E0014D002 /* StringExtension.swift in Sources */,
				F42F18562158E264000E0B57 /* RAMCharacterController.swift in Sources */,
				F49D7C7D216B7D050014D002 /* DetailCharacterView.swift in Sources */,
				F48B1733215A804A00AFC1FF /* CharacterCell.swift in Sources */,
				F43C4420215E6F5F00BBF457 /* CellConfigurator.swift in Sources */,
				F43C4423215E7DF000BBF457 /* UIView+TopCorners.swift in Sources */,
				F42F18592158E282000E0B57 /* CharacterModel.swift in Sources */,
				F41526F3215FB2A70095409A /* UICollectioView+ReusableView.swift in Sources */,
				F4A276812162244A00C761E5 /* CharacterServices.swift in Sources */,
				F4A33143215F664B0051A303 /* Date+Formatter.swift in Sources */,
				F42F18272158E1F4000E0B57 /* AppDelegate.swift in Sources */,
			);
			runOnlyForDeploymentPostprocessing = 0;
		};
		F42F18332158E1F6000E0B57 /* Sources */ = {
			isa = PBXSourcesBuildPhase;
			buildActionMask = 2147483647;
			files = (
				F42F185D2158F8F2000E0B57 /* RAMCharactersRequest.swift in Sources */,
				F4A33144215F91EC0051A303 /* CharacterModel.swift in Sources */,
				F42F18622158FA13000E0B57 /* AccessLinks.swift in Sources */,
				F42F183C2158E1F6000E0B57 /* RickAndMortyTests.swift in Sources */,
			);
			runOnlyForDeploymentPostprocessing = 0;
		};
		F42F183E2158E1F6000E0B57 /* Sources */ = {
			isa = PBXSourcesBuildPhase;
			buildActionMask = 2147483647;
			files = (
				F42F185E2158F8F2000E0B57 /* RAMCharactersRequest.swift in Sources */,
				F4A33145215F91ED0051A303 /* CharacterModel.swift in Sources */,
				F42F18632158FA13000E0B57 /* AccessLinks.swift in Sources */,
				F42F18472158E1F6000E0B57 /* RickAndMortyUITests.swift in Sources */,
			);
			runOnlyForDeploymentPostprocessing = 0;
		};
/* End PBXSourcesBuildPhase section */

/* Begin PBXTargetDependency section */
		F42F18392158E1F6000E0B57 /* PBXTargetDependency */ = {
			isa = PBXTargetDependency;
			target = F42F18222158E1F4000E0B57 /* RickAndMorty */;
			targetProxy = F42F18382158E1F6000E0B57 /* PBXContainerItemProxy */;
		};
		F42F18442158E1F6000E0B57 /* PBXTargetDependency */ = {
			isa = PBXTargetDependency;
			target = F42F18222158E1F4000E0B57 /* RickAndMorty */;
			targetProxy = F42F18432158E1F6000E0B57 /* PBXContainerItemProxy */;
		};
/* End PBXTargetDependency section */

/* Begin PBXVariantGroup section */
		F42F182F2158E1F6000E0B57 /* LaunchScreen.storyboard */ = {
			isa = PBXVariantGroup;
			children = (
				F42F18302158E1F6000E0B57 /* Base */,
			);
			name = LaunchScreen.storyboard;
			sourceTree = "<group>";
		};
/* End PBXVariantGroup section */

/* Begin XCBuildConfiguration section */
		F42F18492158E1F6000E0B57 /* Debug */ = {
			isa = XCBuildConfiguration;
			buildSettings = {
				ALWAYS_SEARCH_USER_PATHS = NO;
				CLANG_ANALYZER_NONNULL = YES;
				CLANG_ANALYZER_NUMBER_OBJECT_CONVERSION = YES_AGGRESSIVE;
				CLANG_CXX_LANGUAGE_STANDARD = "gnu++14";
				CLANG_CXX_LIBRARY = "libc++";
				CLANG_ENABLE_MODULES = YES;
				CLANG_ENABLE_OBJC_ARC = YES;
				CLANG_ENABLE_OBJC_WEAK = YES;
				CLANG_WARN_BLOCK_CAPTURE_AUTORELEASING = YES;
				CLANG_WARN_BOOL_CONVERSION = YES;
				CLANG_WARN_COMMA = YES;
				CLANG_WARN_CONSTANT_CONVERSION = YES;
				CLANG_WARN_DEPRECATED_OBJC_IMPLEMENTATIONS = YES;
				CLANG_WARN_DIRECT_OBJC_ISA_USAGE = YES_ERROR;
				CLANG_WARN_DOCUMENTATION_COMMENTS = YES;
				CLANG_WARN_EMPTY_BODY = YES;
				CLANG_WARN_ENUM_CONVERSION = YES;
				CLANG_WARN_INFINITE_RECURSION = YES;
				CLANG_WARN_INT_CONVERSION = YES;
				CLANG_WARN_NON_LITERAL_NULL_CONVERSION = YES;
				CLANG_WARN_OBJC_IMPLICIT_RETAIN_SELF = YES;
				CLANG_WARN_OBJC_LITERAL_CONVERSION = YES;
				CLANG_WARN_OBJC_ROOT_CLASS = YES_ERROR;
				CLANG_WARN_RANGE_LOOP_ANALYSIS = YES;
				CLANG_WARN_STRICT_PROTOTYPES = YES;
				CLANG_WARN_SUSPICIOUS_MOVE = YES;
				CLANG_WARN_UNGUARDED_AVAILABILITY = YES_AGGRESSIVE;
				CLANG_WARN_UNREACHABLE_CODE = YES;
				CLANG_WARN__DUPLICATE_METHOD_MATCH = YES;
				CODE_SIGN_IDENTITY = "iPhone Developer";
				COPY_PHASE_STRIP = NO;
				DEBUG_INFORMATION_FORMAT = dwarf;
				ENABLE_STRICT_OBJC_MSGSEND = YES;
				ENABLE_TESTABILITY = YES;
				GCC_C_LANGUAGE_STANDARD = gnu11;
				GCC_DYNAMIC_NO_PIC = NO;
				GCC_NO_COMMON_BLOCKS = YES;
				GCC_OPTIMIZATION_LEVEL = 0;
				GCC_PREPROCESSOR_DEFINITIONS = (
					"DEBUG=1",
					"$(inherited)",
				);
				GCC_WARN_64_TO_32_BIT_CONVERSION = YES;
				GCC_WARN_ABOUT_RETURN_TYPE = YES_ERROR;
				GCC_WARN_UNDECLARED_SELECTOR = YES;
				GCC_WARN_UNINITIALIZED_AUTOS = YES_AGGRESSIVE;
				GCC_WARN_UNUSED_FUNCTION = YES;
				GCC_WARN_UNUSED_VARIABLE = YES;
				IPHONEOS_DEPLOYMENT_TARGET = 12.0;
				MTL_ENABLE_DEBUG_INFO = INCLUDE_SOURCE;
				MTL_FAST_MATH = YES;
				ONLY_ACTIVE_ARCH = YES;
				SDKROOT = iphoneos;
				SWIFT_ACTIVE_COMPILATION_CONDITIONS = DEBUG;
				SWIFT_OPTIMIZATION_LEVEL = "-Onone";
			};
			name = Debug;
		};
		F42F184A2158E1F6000E0B57 /* Release */ = {
			isa = XCBuildConfiguration;
			buildSettings = {
				ALWAYS_SEARCH_USER_PATHS = NO;
				CLANG_ANALYZER_NONNULL = YES;
				CLANG_ANALYZER_NUMBER_OBJECT_CONVERSION = YES_AGGRESSIVE;
				CLANG_CXX_LANGUAGE_STANDARD = "gnu++14";
				CLANG_CXX_LIBRARY = "libc++";
				CLANG_ENABLE_MODULES = YES;
				CLANG_ENABLE_OBJC_ARC = YES;
				CLANG_ENABLE_OBJC_WEAK = YES;
				CLANG_WARN_BLOCK_CAPTURE_AUTORELEASING = YES;
				CLANG_WARN_BOOL_CONVERSION = YES;
				CLANG_WARN_COMMA = YES;
				CLANG_WARN_CONSTANT_CONVERSION = YES;
				CLANG_WARN_DEPRECATED_OBJC_IMPLEMENTATIONS = YES;
				CLANG_WARN_DIRECT_OBJC_ISA_USAGE = YES_ERROR;
				CLANG_WARN_DOCUMENTATION_COMMENTS = YES;
				CLANG_WARN_EMPTY_BODY = YES;
				CLANG_WARN_ENUM_CONVERSION = YES;
				CLANG_WARN_INFINITE_RECURSION = YES;
				CLANG_WARN_INT_CONVERSION = YES;
				CLANG_WARN_NON_LITERAL_NULL_CONVERSION = YES;
				CLANG_WARN_OBJC_IMPLICIT_RETAIN_SELF = YES;
				CLANG_WARN_OBJC_LITERAL_CONVERSION = YES;
				CLANG_WARN_OBJC_ROOT_CLASS = YES_ERROR;
				CLANG_WARN_RANGE_LOOP_ANALYSIS = YES;
				CLANG_WARN_STRICT_PROTOTYPES = YES;
				CLANG_WARN_SUSPICIOUS_MOVE = YES;
				CLANG_WARN_UNGUARDED_AVAILABILITY = YES_AGGRESSIVE;
				CLANG_WARN_UNREACHABLE_CODE = YES;
				CLANG_WARN__DUPLICATE_METHOD_MATCH = YES;
				CODE_SIGN_IDENTITY = "iPhone Developer";
				COPY_PHASE_STRIP = NO;
				DEBUG_INFORMATION_FORMAT = "dwarf-with-dsym";
				ENABLE_NS_ASSERTIONS = NO;
				ENABLE_STRICT_OBJC_MSGSEND = YES;
				GCC_C_LANGUAGE_STANDARD = gnu11;
				GCC_NO_COMMON_BLOCKS = YES;
				GCC_WARN_64_TO_32_BIT_CONVERSION = YES;
				GCC_WARN_ABOUT_RETURN_TYPE = YES_ERROR;
				GCC_WARN_UNDECLARED_SELECTOR = YES;
				GCC_WARN_UNINITIALIZED_AUTOS = YES_AGGRESSIVE;
				GCC_WARN_UNUSED_FUNCTION = YES;
				GCC_WARN_UNUSED_VARIABLE = YES;
				IPHONEOS_DEPLOYMENT_TARGET = 12.0;
				MTL_ENABLE_DEBUG_INFO = NO;
				MTL_FAST_MATH = YES;
				SDKROOT = iphoneos;
				SWIFT_COMPILATION_MODE = wholemodule;
				SWIFT_OPTIMIZATION_LEVEL = "-O";
				VALIDATE_PRODUCT = YES;
			};
			name = Release;
		};
		F42F184C2158E1F6000E0B57 /* Debug */ = {
			isa = XCBuildConfiguration;
			baseConfigurationReference = 19EBF3C20D53B39F73381615 /* Pods-RickAndMorty.debug.xcconfig */;
			buildSettings = {
				ASSETCATALOG_COMPILER_APPICON_NAME = AppIcon;
				CODE_SIGN_STYLE = Automatic;
				DEVELOPMENT_TEAM = Z347LN4W5G;
				INFOPLIST_FILE = RickAndMorty/Info.plist;
				LD_RUNPATH_SEARCH_PATHS = (
					"$(inherited)",
					"@executable_path/Frameworks",
				);
				PRODUCT_BUNDLE_IDENTIFIER = com.home.RickAndMorty;
				PRODUCT_NAME = "$(TARGET_NAME)";
				SWIFT_VERSION = 4.2;
				TARGETED_DEVICE_FAMILY = "1,2";
			};
			name = Debug;
		};
		F42F184D2158E1F6000E0B57 /* Release */ = {
			isa = XCBuildConfiguration;
			baseConfigurationReference = 38427C21339A3FA23CFDB828 /* Pods-RickAndMorty.release.xcconfig */;
			buildSettings = {
				ASSETCATALOG_COMPILER_APPICON_NAME = AppIcon;
				CODE_SIGN_STYLE = Automatic;
				DEVELOPMENT_TEAM = Z347LN4W5G;
				INFOPLIST_FILE = RickAndMorty/Info.plist;
				LD_RUNPATH_SEARCH_PATHS = (
					"$(inherited)",
					"@executable_path/Frameworks",
				);
				PRODUCT_BUNDLE_IDENTIFIER = com.home.RickAndMorty;
				PRODUCT_NAME = "$(TARGET_NAME)";
				SWIFT_VERSION = 4.2;
				TARGETED_DEVICE_FAMILY = "1,2";
			};
			name = Release;
		};
		F42F184F2158E1F6000E0B57 /* Debug */ = {
			isa = XCBuildConfiguration;
			baseConfigurationReference = D1CE92791727D8F616714596 /* Pods-RickAndMortyTests.debug.xcconfig */;
			buildSettings = {
				ALWAYS_EMBED_SWIFT_STANDARD_LIBRARIES = YES;
				BUNDLE_LOADER = "$(TEST_HOST)";
				CODE_SIGN_STYLE = Automatic;
				DEVELOPMENT_TEAM = Z347LN4W5G;
				INFOPLIST_FILE = RickAndMortyTests/Info.plist;
				LD_RUNPATH_SEARCH_PATHS = (
					"$(inherited)",
					"@executable_path/Frameworks",
					"@loader_path/Frameworks",
				);
				PRODUCT_BUNDLE_IDENTIFIER = com.home.RickAndMortyTests;
				PRODUCT_NAME = "$(TARGET_NAME)";
				SWIFT_VERSION = 4.2;
				TARGETED_DEVICE_FAMILY = "1,2";
				TEST_HOST = "$(BUILT_PRODUCTS_DIR)/RickAndMorty.app/RickAndMorty";
			};
			name = Debug;
		};
		F42F18502158E1F6000E0B57 /* Release */ = {
			isa = XCBuildConfiguration;
			baseConfigurationReference = 85AB02F75AE54C4A6AF42FF2 /* Pods-RickAndMortyTests.release.xcconfig */;
			buildSettings = {
				ALWAYS_EMBED_SWIFT_STANDARD_LIBRARIES = YES;
				BUNDLE_LOADER = "$(TEST_HOST)";
				CODE_SIGN_STYLE = Automatic;
				DEVELOPMENT_TEAM = Z347LN4W5G;
				INFOPLIST_FILE = RickAndMortyTests/Info.plist;
				LD_RUNPATH_SEARCH_PATHS = (
					"$(inherited)",
					"@executable_path/Frameworks",
					"@loader_path/Frameworks",
				);
				PRODUCT_BUNDLE_IDENTIFIER = com.home.RickAndMortyTests;
				PRODUCT_NAME = "$(TARGET_NAME)";
				SWIFT_VERSION = 4.2;
				TARGETED_DEVICE_FAMILY = "1,2";
				TEST_HOST = "$(BUILT_PRODUCTS_DIR)/RickAndMorty.app/RickAndMorty";
			};
			name = Release;
		};
		F42F18522158E1F6000E0B57 /* Debug */ = {
			isa = XCBuildConfiguration;
			baseConfigurationReference = 3F60FD909DB6F262297E8439 /* Pods-RickAndMortyUITests.debug.xcconfig */;
			buildSettings = {
				ALWAYS_EMBED_SWIFT_STANDARD_LIBRARIES = YES;
				CODE_SIGN_STYLE = Automatic;
				DEVELOPMENT_TEAM = Z347LN4W5G;
				INFOPLIST_FILE = RickAndMortyUITests/Info.plist;
				LD_RUNPATH_SEARCH_PATHS = (
					"$(inherited)",
					"@executable_path/Frameworks",
					"@loader_path/Frameworks",
				);
				PRODUCT_BUNDLE_IDENTIFIER = com.home.RickAndMortyUITests;
				PRODUCT_NAME = "$(TARGET_NAME)";
				SWIFT_VERSION = 4.2;
				TARGETED_DEVICE_FAMILY = "1,2";
				TEST_TARGET_NAME = RickAndMorty;
			};
			name = Debug;
		};
		F42F18532158E1F6000E0B57 /* Release */ = {
			isa = XCBuildConfiguration;
			baseConfigurationReference = 0572D7FB6244EC155A8AF930 /* Pods-RickAndMortyUITests.release.xcconfig */;
			buildSettings = {
				ALWAYS_EMBED_SWIFT_STANDARD_LIBRARIES = YES;
				CODE_SIGN_STYLE = Automatic;
				DEVELOPMENT_TEAM = Z347LN4W5G;
				INFOPLIST_FILE = RickAndMortyUITests/Info.plist;
				LD_RUNPATH_SEARCH_PATHS = (
					"$(inherited)",
					"@executable_path/Frameworks",
					"@loader_path/Frameworks",
				);
				PRODUCT_BUNDLE_IDENTIFIER = com.home.RickAndMortyUITests;
				PRODUCT_NAME = "$(TARGET_NAME)";
				SWIFT_VERSION = 4.2;
				TARGETED_DEVICE_FAMILY = "1,2";
				TEST_TARGET_NAME = RickAndMorty;
			};
			name = Release;
		};
/* End XCBuildConfiguration section */

/* Begin XCConfigurationList section */
		F42F181E2158E1F4000E0B57 /* Build configuration list for PBXProject "RickAndMorty" */ = {
			isa = XCConfigurationList;
			buildConfigurations = (
				F42F18492158E1F6000E0B57 /* Debug */,
				F42F184A2158E1F6000E0B57 /* Release */,
			);
			defaultConfigurationIsVisible = 0;
			defaultConfigurationName = Release;
		};
		F42F184B2158E1F6000E0B57 /* Build configuration list for PBXNativeTarget "RickAndMorty" */ = {
			isa = XCConfigurationList;
			buildConfigurations = (
				F42F184C2158E1F6000E0B57 /* Debug */,
				F42F184D2158E1F6000E0B57 /* Release */,
			);
			defaultConfigurationIsVisible = 0;
			defaultConfigurationName = Release;
		};
		F42F184E2158E1F6000E0B57 /* Build configuration list for PBXNativeTarget "RickAndMortyTests" */ = {
			isa = XCConfigurationList;
			buildConfigurations = (
				F42F184F2158E1F6000E0B57 /* Debug */,
				F42F18502158E1F6000E0B57 /* Release */,
			);
			defaultConfigurationIsVisible = 0;
			defaultConfigurationName = Release;
		};
		F42F18512158E1F6000E0B57 /* Build configuration list for PBXNativeTarget "RickAndMortyUITests" */ = {
			isa = XCConfigurationList;
			buildConfigurations = (
				F42F18522158E1F6000E0B57 /* Debug */,
				F42F18532158E1F6000E0B57 /* Release */,
			);
			defaultConfigurationIsVisible = 0;
			defaultConfigurationName = Release;
		};
/* End XCConfigurationList section */
	};
	rootObject = F42F181B2158E1F4000E0B57 /* Project object */;
}
